
Microsoft Visual Studio Solution File, Format Version 12.00
# Visual Studio Version 16
VisualStudioVersion = 16.0.31321.278
MinimumVisualStudioVersion = 10.0.40219.1
Project("{FAE04EC0-301F-11D3-BF4B-00C04F79EFBC}") = "Strategy", "Strategy\Strategy.csproj", "{93185C22-3D55-4E06-B6D4-5C9475D21DFE}"
EndProject
Global
	GlobalSection(SolutionConfigurationPlatforms) = preSolution
		Debug|Any CPU = Debug|Any CPU
		Release|Any CPU = Release|Any CPU
	EndGlobalSection
	GlobalSection(ProjectConfigurationPlatforms) = postSolution
		{93185C22-3D55-4E06-B6D4-5C9475D21DFE}.Debug|Any CPU.ActiveCfg = Debug|Any CPU
		{93185C22-3D55-4E06-B6D4-5C9475D21DFE}.Debug|Any CPU.Build.0 = Debug|Any CPU
		{93185C22-3D55-4E06-B6D4-5C9475D21DFE}.Release|Any CPU.ActiveCfg = Release|Any CPU
		{93185C22-3D55-4E06-B6D4-5C9475D21DFE}.Release|Any CPU.Build.0 = Release|Any CPU
	EndGlobalSection
	GlobalSection(SolutionProperties) = preSolution
		HideSolutionNode = FALSE
	EndGlobalSection
	GlobalSection(ExtensibilityGlobals) = postSolution
		SolutionGuid = {B9859370-ADB7-453E-9111-A1E32FF00AB5}
	EndGlobalSection
EndGlobal
