
Microsoft Visual Studio Solution File, Format Version 12.00
# Visual Studio Version 16
VisualStudioVersion = 16.0.31729.503
MinimumVisualStudioVersion = 10.0.40219.1
Project("{FAE04EC0-301F-11D3-BF4B-00C04F79EFBC}") = "StatePattern", "StatePattern.csproj", "{3C6E19FE-106D-4AA8-A113-3E8EEBBEBF0D}"
EndProject
Global
	GlobalSection(SolutionConfigurationPlatforms) = preSolution
		Debug|Any CPU = Debug|Any CPU
		Release|Any CPU = Release|Any CPU
	EndGlobalSection
	GlobalSection(ProjectConfigurationPlatforms) = postSolution
		{3C6E19FE-106D-4AA8-A113-3E8EEBBEBF0D}.Debug|Any CPU.ActiveCfg = Debug|Any CPU
		{3C6E19FE-106D-4AA8-A113-3E8EEBBEBF0D}.Debug|Any CPU.Build.0 = Debug|Any CPU
		{3C6E19FE-106D-4AA8-A113-3E8EEBBEBF0D}.Release|Any CPU.ActiveCfg = Release|Any CPU
		{3C6E19FE-106D-4AA8-A113-3E8EEBBEBF0D}.Release|Any CPU.Build.0 = Release|Any CPU
	EndGlobalSection
	GlobalSection(SolutionProperties) = preSolution
		HideSolutionNode = FALSE
	EndGlobalSection
	GlobalSection(ExtensibilityGlobals) = postSolution
		SolutionGuid = {959D5EE0-9B97-479F-8069-C0C313DE1BC8}
	EndGlobalSection
EndGlobal
