
Microsoft Visual Studio Solution File, Format Version 12.00
# Visual Studio Version 17
VisualStudioVersion = 17.2.32427.441
MinimumVisualStudioVersion = 10.0.40219.1
Project("{FAE04EC0-301F-11D3-BF4B-00C04F79EFBC}") = "Memento", "Memento.csproj", "{A9F37944-AD9C-4BE4-B0C3-AFE487D8D598}"
EndProject
Global
	GlobalSection(SolutionConfigurationPlatforms) = preSolution
		Debug|Any CPU = Debug|Any CPU
		Release|Any CPU = Release|Any CPU
	EndGlobalSection
	GlobalSection(ProjectConfigurationPlatforms) = postSolution
		{A9F37944-AD9C-4BE4-B0C3-AFE487D8D598}.Debug|Any CPU.ActiveCfg = Debug|Any CPU
		{A9F37944-AD9C-4BE4-B0C3-AFE487D8D598}.Debug|Any CPU.Build.0 = Debug|Any CPU
		{A9F37944-AD9C-4BE4-B0C3-AFE487D8D598}.Release|Any CPU.ActiveCfg = Release|Any CPU
		{A9F37944-AD9C-4BE4-B0C3-AFE487D8D598}.Release|Any CPU.Build.0 = Release|Any CPU
	EndGlobalSection
	GlobalSection(SolutionProperties) = preSolution
		HideSolutionNode = FALSE
	EndGlobalSection
	GlobalSection(ExtensibilityGlobals) = postSolution
		SolutionGuid = {2D4BF466-465F-4AF9-BEFA-332BCAB5A5FC}
	EndGlobalSection
EndGlobal
