
Microsoft Visual Studio Solution File, Format Version 12.00
# Visual Studio Version 17
VisualStudioVersion = 17.0.31912.275
MinimumVisualStudioVersion = 10.0.40219.1
Project("{FAE04EC0-301F-11D3-BF4B-00C04F79EFBC}") = "Builder", "Builder.csproj", "{2AA204F4-840E-43B5-835C-CDBD396D1D9A}"
EndProject
Global
	GlobalSection(SolutionConfigurationPlatforms) = preSolution
		Debug|Any CPU = Debug|Any CPU
		Release|Any CPU = Release|Any CPU
	EndGlobalSection
	GlobalSection(ProjectConfigurationPlatforms) = postSolution
		{2AA204F4-840E-43B5-835C-CDBD396D1D9A}.Debug|Any CPU.ActiveCfg = Debug|Any CPU
		{2AA204F4-840E-43B5-835C-CDBD396D1D9A}.Debug|Any CPU.Build.0 = Debug|Any CPU
		{2AA204F4-840E-43B5-835C-CDBD396D1D9A}.Release|Any CPU.ActiveCfg = Release|Any CPU
		{2AA204F4-840E-43B5-835C-CDBD396D1D9A}.Release|Any CPU.Build.0 = Release|Any CPU
	EndGlobalSection
	GlobalSection(SolutionProperties) = preSolution
		HideSolutionNode = FALSE
	EndGlobalSection
	GlobalSection(ExtensibilityGlobals) = postSolution
		SolutionGuid = {5DC8CCBD-F268-4743-BA74-EFA9B5FE56AB}
	EndGlobalSection
EndGlobal
