
Microsoft Visual Studio Solution File, Format Version 12.00
# Visual Studio Version 17
VisualStudioVersion = 17.1.32127.271
MinimumVisualStudioVersion = 10.0.40219.1
Project("{FAE04EC0-301F-11D3-BF4B-00C04F79EFBC}") = "Composite", "Composite\Composite.csproj", "{57391B89-C46C-450B-993B-A767B2CEDA7D}"
EndProject
Global
	GlobalSection(SolutionConfigurationPlatforms) = preSolution
		Debug|Any CPU = Debug|Any CPU
		Release|Any CPU = Release|Any CPU
	EndGlobalSection
	GlobalSection(ProjectConfigurationPlatforms) = postSolution
		{57391B89-C46C-450B-993B-A767B2CEDA7D}.Debug|Any CPU.ActiveCfg = Debug|Any CPU
		{57391B89-C46C-450B-993B-A767B2CEDA7D}.Debug|Any CPU.Build.0 = Debug|Any CPU
		{57391B89-C46C-450B-993B-A767B2CEDA7D}.Release|Any CPU.ActiveCfg = Release|Any CPU
		{57391B89-C46C-450B-993B-A767B2CEDA7D}.Release|Any CPU.Build.0 = Release|Any CPU
	EndGlobalSection
	GlobalSection(SolutionProperties) = preSolution
		HideSolutionNode = FALSE
	EndGlobalSection
	GlobalSection(ExtensibilityGlobals) = postSolution
		SolutionGuid = {E8EF924B-10FA-4C88-B6F1-41C606A43FA6}
	EndGlobalSection
EndGlobal
